
Microsoft Visual Studio Solution File, Format Version 12.00
# Visual Studio Version 16
VisualStudioVersion = 16.0.31729.503
MinimumVisualStudioVersion = 10.0.40219.1
Project("{FAE04EC0-301F-11D3-BF4B-00C04F79EFBC}") = "RomanNumbers", "RomanNumbers.csproj", "{9E00B56E-0670-4E54-B48C-42B0CA1E100C}"
EndProject
Global
	GlobalSection(SolutionConfigurationPlatforms) = preSolution
		Debug|Any CPU = Debug|Any CPU
		Release|Any CPU = Release|Any CPU
	EndGlobalSection
	GlobalSection(ProjectConfigurationPlatforms) = postSolution
		{9E00B56E-0670-4E54-B48C-42B0CA1E100C}.Debug|Any CPU.ActiveCfg = Debug|Any CPU
		{9E00B56E-0670-4E54-B48C-42B0CA1E100C}.Debug|Any CPU.Build.0 = Debug|Any CPU
		{9E00B56E-0670-4E54-B48C-42B0CA1E100C}.Release|Any CPU.ActiveCfg = Release|Any CPU
		{9E00B56E-0670-4E54-B48C-42B0CA1E100C}.Release|Any CPU.Build.0 = Release|Any CPU
	EndGlobalSection
	GlobalSection(SolutionProperties) = preSolution
		HideSolutionNode = FALSE
	EndGlobalSection
	GlobalSection(ExtensibilityGlobals) = postSolution
		SolutionGuid = {99BB5AB6-DF9B-41FB-AE94-369540A47E83}
	EndGlobalSection
EndGlobal
